
Microsoft Visual Studio Solution File, Format Version 12.00
# Visual Studio Version 17
VisualStudioVersion = 17.0.31903.59
MinimumVisualStudioVersion = 10.0.40219.1
Project("{2150E333-8FDC-42A3-9474-1A3956D46DE8}") = "src", "src", "{814C2AC4-C4CB-428E-B5C8-061CFD68FE9F}"
EndProject
Project("{FAE04EC0-301F-11D3-BF4B-00C04F79EFBC}") = "Core", "src\core\Core.csproj", "{A410A391-0140-4EB6-8F57-36CE4B253074}"
EndProject
Project("{2150E333-8FDC-42A3-9474-1A3956D46DE8}") = "tests", "tests", "{1213BF92-FA4A-4DFA-8B6B-D1A3719C105A}"
EndProject
Project("{FAE04EC0-301F-11D3-BF4B-00C04F79EFBC}") = "Core.Tests", "tests\core\Core.Tests.csproj", "{90A36D92-1CC4-4DD3-AAD3-5B352078BB27}"
EndProject
Project("{FAE04EC0-301F-11D3-BF4B-00C04F79EFBC}") = "Webapp.Tests", "tests\WebappTests\Webapp.Tests.csproj", "{60068D28-2B41-43EC-A191-7598B46C6800}"
EndProject
Project("{FAE04EC0-301F-11D3-BF4B-00C04F79EFBC}") = "Webapp", "src\Webapp\Webapp.csproj", "{A0B1DCE8-906E-471A-A52E-646137BE82DF}"
EndProject
Global
	GlobalSection(SolutionConfigurationPlatforms) = preSolution
		Debug|Any CPU = Debug|Any CPU
		Release|Any CPU = Release|Any CPU
	EndGlobalSection
	GlobalSection(SolutionProperties) = preSolution
		HideSolutionNode = FALSE
	EndGlobalSection
	GlobalSection(ProjectConfigurationPlatforms) = postSolution
		{A410A391-0140-4EB6-8F57-36CE4B253074}.Debug|Any CPU.ActiveCfg = Debug|Any CPU
		{A410A391-0140-4EB6-8F57-36CE4B253074}.Debug|Any CPU.Build.0 = Debug|Any CPU
		{A410A391-0140-4EB6-8F57-36CE4B253074}.Release|Any CPU.ActiveCfg = Release|Any CPU
		{A410A391-0140-4EB6-8F57-36CE4B253074}.Release|Any CPU.Build.0 = Release|Any CPU
		{90A36D92-1CC4-4DD3-AAD3-5B352078BB27}.Debug|Any CPU.ActiveCfg = Debug|Any CPU
		{90A36D92-1CC4-4DD3-AAD3-5B352078BB27}.Debug|Any CPU.Build.0 = Debug|Any CPU
		{90A36D92-1CC4-4DD3-AAD3-5B352078BB27}.Release|Any CPU.ActiveCfg = Release|Any CPU
		{90A36D92-1CC4-4DD3-AAD3-5B352078BB27}.Release|Any CPU.Build.0 = Release|Any CPU
		{60068D28-2B41-43EC-A191-7598B46C6800}.Debug|Any CPU.ActiveCfg = Debug|Any CPU
		{60068D28-2B41-43EC-A191-7598B46C6800}.Debug|Any CPU.Build.0 = Debug|Any CPU
		{60068D28-2B41-43EC-A191-7598B46C6800}.Release|Any CPU.ActiveCfg = Release|Any CPU
		{60068D28-2B41-43EC-A191-7598B46C6800}.Release|Any CPU.Build.0 = Release|Any CPU
		{A0B1DCE8-906E-471A-A52E-646137BE82DF}.Debug|Any CPU.ActiveCfg = Debug|Any CPU
		{A0B1DCE8-906E-471A-A52E-646137BE82DF}.Debug|Any CPU.Build.0 = Debug|Any CPU
		{A0B1DCE8-906E-471A-A52E-646137BE82DF}.Release|Any CPU.ActiveCfg = Release|Any CPU
		{A0B1DCE8-906E-471A-A52E-646137BE82DF}.Release|Any CPU.Build.0 = Release|Any CPU
	EndGlobalSection
	GlobalSection(NestedProjects) = preSolution
		{A410A391-0140-4EB6-8F57-36CE4B253074} = {814C2AC4-C4CB-428E-B5C8-061CFD68FE9F}
		{90A36D92-1CC4-4DD3-AAD3-5B352078BB27} = {1213BF92-FA4A-4DFA-8B6B-D1A3719C105A}
		{60068D28-2B41-43EC-A191-7598B46C6800} = {1213BF92-FA4A-4DFA-8B6B-D1A3719C105A}
		{A0B1DCE8-906E-471A-A52E-646137BE82DF} = {814C2AC4-C4CB-428E-B5C8-061CFD68FE9F}
	EndGlobalSection
EndGlobal
